
Microsoft Visual Studio Solution File, Format Version 12.00
# Visual Studio Version 17
VisualStudioVersion = 17.4.33110.190
MinimumVisualStudioVersion = 10.0.40219.1
Project("{FAE04EC0-301F-11D3-BF4B-00C04F79EFBC}") = "Fibseries", "Fibseries.csproj", "{FD722786-844F-49FE-BDBE-3DA8005428FE}"
EndProject
Global
	GlobalSection(SolutionConfigurationPlatforms) = preSolution
		Debug|Any CPU = Debug|Any CPU
		Release|Any CPU = Release|Any CPU
	EndGlobalSection
	GlobalSection(ProjectConfigurationPlatforms) = postSolution
		{FD722786-844F-49FE-BDBE-3DA8005428FE}.Debug|Any CPU.ActiveCfg = Debug|Any CPU
		{FD722786-844F-49FE-BDBE-3DA8005428FE}.Debug|Any CPU.Build.0 = Debug|Any CPU
		{FD722786-844F-49FE-BDBE-3DA8005428FE}.Release|Any CPU.ActiveCfg = Release|Any CPU
		{FD722786-844F-49FE-BDBE-3DA8005428FE}.Release|Any CPU.Build.0 = Release|Any CPU
	EndGlobalSection
	GlobalSection(SolutionProperties) = preSolution
		HideSolutionNode = FALSE
	EndGlobalSection
	GlobalSection(ExtensibilityGlobals) = postSolution
		SolutionGuid = {A6ED16D5-AA47-4A73-8AF5-1F9BEC84892A}
	EndGlobalSection
EndGlobal
